{
  "name": "rnpm",
  "version": "0.1.0",
  "lockfileVersion": 3,
  "requires": true,
  "manifestIntegrity": "0b55974282d13a760ddda5387517f3d2186821e1a1dfb2a38939ac1c11ef1617",
  "packages": {
    "": {
      "name": "rnpm",
      "version": "0.1.0",
      "license": "ISC",
      "bin": {
        "rnpm": "bin/rnpm.js"
      }
    }
  },
  "rnpm": {
    "history": [
      {
        "args": [],
        "command": "update",
        "npm": "11.6.2",
        "time": "2026-03-17T15:18:17.497Z"
      }
    ]
  }
}
