{
  "name": "rnpmjs",
  "version": "0.1.0",
  "lockfileVersion": 3,
  "requires": true,
  "packages": {
    "": {
      "name": "rnpmjs",
      "version": "0.1.0",
      "license": "MIT",
      "dependencies": {
        "react": "^19.2.4"
      },
      "bin": {
        "rnpmjs": "bin/rnpm.js"
      }
    },
    "node_modules/react": {
      "version": "19.2.4",
      "resolved": "https://registry.npmjs.org/react/-/react-19.2.4.tgz",
      "integrity": "sha512-9nfp2hYpCwOjAN+8TZFGhtWEwgvWHXqESH8qT89AT/lWklpLON22Lc8pEtnpsZz7VmawabSU0gCjnj8aC0euHQ==",
      "license": "MIT",
      "engines": {
        "node": ">=0.10.0"
      }
    }
  },
  "rnpm": {
    "history": [
      {
        "command": "install",
        "args": [
          "react",
          "--package-lock-only"
        ],
        "npm": "11.6.2",
        "node": "v25.2.1",
        "time": "2026-03-04T15:16:15.012Z",
        "os": "5.15.167.4-microsoft-standard-WSL2"
      }
    ]
  },
  "manifestIntegrity": "f167b6e8641075e97f189c1aefa166ead8f207959d894bfeeba940321fab266a"
}
